
Microsoft Visual Studio Solution File, Format Version 12.00
# Visual Studio 14
VisualStudioVersion = 14.0.25420.1
MinimumVisualStudioVersion = 10.0.40219.1
Project("{8BB2217D-0F2D-49D1-97BC-3654ED321F3B}") = "SwaggerTest.Api", "SwaggerTest.Api\SwaggerTest.Api.xproj", "{36BD7975-2C6D-49A4-A47B-0616BECC26D5}"
EndProject
Project("{FAE04EC0-301F-11D3-BF4B-00C04F79EFBC}") = "SwaggerTest.AutoRestClientConsole", "SwaggerTest.AutoRestClientConsole\SwaggerTest.AutoRestClientConsole.csproj", "{2BADC96D-6ACB-401C-97BE-3BBA7930A904}"
EndProject
Project("{8BB2217D-0F2D-49D1-97BC-3654ED321F3B}") = "SwaggerTest.AutoRestWebClient", "SwaggerTest.AutoRestWebClient\SwaggerTest.AutoRestWebClient.xproj", "{4E63C232-9662-4B96-AC28-1DDBD93050A5}"
EndProject
Global
	GlobalSection(SolutionConfigurationPlatforms) = preSolution
		Debug|Any CPU = Debug|Any CPU
		Release|Any CPU = Release|Any CPU
	EndGlobalSection
	GlobalSection(ProjectConfigurationPlatforms) = postSolution
		{36BD7975-2C6D-49A4-A47B-0616BECC26D5}.Debug|Any CPU.ActiveCfg = Debug|Any CPU
		{36BD7975-2C6D-49A4-A47B-0616BECC26D5}.Debug|Any CPU.Build.0 = Debug|Any CPU
		{36BD7975-2C6D-49A4-A47B-0616BECC26D5}.Release|Any CPU.ActiveCfg = Release|Any CPU
		{36BD7975-2C6D-49A4-A47B-0616BECC26D5}.Release|Any CPU.Build.0 = Release|Any CPU
		{2BADC96D-6ACB-401C-97BE-3BBA7930A904}.Debug|Any CPU.ActiveCfg = Debug|Any CPU
		{2BADC96D-6ACB-401C-97BE-3BBA7930A904}.Debug|Any CPU.Build.0 = Debug|Any CPU
		{2BADC96D-6ACB-401C-97BE-3BBA7930A904}.Release|Any CPU.ActiveCfg = Release|Any CPU
		{2BADC96D-6ACB-401C-97BE-3BBA7930A904}.Release|Any CPU.Build.0 = Release|Any CPU
		{4E63C232-9662-4B96-AC28-1DDBD93050A5}.Debug|Any CPU.ActiveCfg = Debug|Any CPU
		{4E63C232-9662-4B96-AC28-1DDBD93050A5}.Debug|Any CPU.Build.0 = Debug|Any CPU
		{4E63C232-9662-4B96-AC28-1DDBD93050A5}.Release|Any CPU.ActiveCfg = Release|Any CPU
		{4E63C232-9662-4B96-AC28-1DDBD93050A5}.Release|Any CPU.Build.0 = Release|Any CPU
	EndGlobalSection
	GlobalSection(SolutionProperties) = preSolution
		HideSolutionNode = FALSE
	EndGlobalSection
EndGlobal
